// !$*UTF8*$!
{
	archiveVersion = 1;
	classes = {
	};
	objectVersion = 46;
	objects = {

/* Begin PBXBuildFile section */
		AE21F16C1A2A93C200F8A1DF /* AppDelegate.swift in Sources */ = {isa = PBXBuildFile; fileRef = AE21F16B1A2A93C200F8A1DF /* AppDelegate.swift */; };
		AE21F16E1A2A93C200F8A1DF /* ViewController.swift in Sources */ = {isa = PBXBuildFile; fileRef = AE21F16D1A2A93C200F8A1DF /* ViewController.swift */; };
		AE21F1711A2A93C200F8A1DF /* Main.storyboard in Resources */ = {isa = PBXBuildFile; fileRef = AE21F16F1A2A93C200F8A1DF /* Main.storyboard */; };
		AE21F1731A2A93C200F8A1DF /* Images.xcassets in Resources */ = {isa = PBXBuildFile; fileRef = AE21F1721A2A93C200F8A1DF /* Images.xcassets */; };
		AE21F1761A2A93C200F8A1DF /* LaunchScreen.xib in Resources */ = {isa = PBXBuildFile; fileRef = AE21F1741A2A93C200F8A1DF /* LaunchScreen.xib */; };
		AE21F1821A2A93C200F8A1DF /* PostcardTests.swift in Sources */ = {isa = PBXBuildFile; fileRef = AE21F1811A2A93C200F8A1DF /* PostcardTests.swift */; };
		AEF569E31A2E60C200A05926 /* SagradaFamilia.jpeg in Resources */ = {isa = PBXBuildFile; fileRef = AEF569E21A2E60C200A05926 /* SagradaFamilia.jpeg */; };
		AEF569E51A2E65CE00A05926 /* AlbertEinsteinStamp.jpg in Resources */ = {isa = PBXBuildFile; fileRef = AEF569E41A2E65CE00A05926 /* AlbertEinsteinStamp.jpg */; };
/* End PBXBuildFile section */

/* Begin PBXContainerItemProxy section */
		AE21F17C1A2A93C200F8A1DF /* PBXContainerItemProxy */ = {
			isa = PBXContainerItemProxy;
			containerPortal = AE21F15E1A2A93C200F8A1DF /* Project object */;
			proxyType = 1;
			remoteGlobalIDString = AE21F1651A2A93C200F8A1DF;
			remoteInfo = Postcard;
		};
/* End PBXContainerItemProxy section */

/* Begin PBXFileReference section */
		AE21F1661A2A93C200F8A1DF /* Postcard.app */ = {isa = PBXFileReference; explicitFileType = wrapper.application; includeInIndex = 0; path = Postcard.app; sourceTree = BUILT_PRODUCTS_DIR; };
		AE21F16A1A2A93C200F8A1DF /* Info.plist */ = {isa = PBXFileReference; lastKnownFileType = text.plist.xml; path = Info.plist; sourceTree = "<group>"; };
		AE21F16B1A2A93C200F8A1DF /* AppDelegate.swift */ = {isa = PBXFileReference; lastKnownFileType = sourcecode.swift; path = AppDelegate.swift; sourceTree = "<group>"; };
		AE21F16D1A2A93C200F8A1DF /* ViewController.swift */ = {isa = PBXFileReference; lastKnownFileType = sourcecode.swift; path = ViewController.swift; sourceTree = "<group>"; };
		AE21F1701A2A93C200F8A1DF /* Base */ = {isa = PBXFileReference; lastKnownFileType = file.storyboard; name = Base; path = Base.lproj/Main.storyboard; sourceTree = "<group>"; };
		AE21F1721A2A93C200F8A1DF /* Images.xcassets */ = {isa = PBXFileReference; lastKnownFileType = folder.assetcatalog; path = Images.xcassets; sourceTree = "<group>"; };
		AE21F1751A2A93C200F8A1DF /* Base */ = {isa = PBXFileReference; lastKnownFileType = file.xib; name = Base; path = Base.lproj/LaunchScreen.xib; sourceTree = "<group>"; };
		AE21F17B1A2A93C200F8A1DF /* PostcardTests.xctest */ = {isa = PBXFileReference; explicitFileType = wrapper.cfbundle; includeInIndex = 0; path = PostcardTests.xctest; sourceTree = BUILT_PRODUCTS_DIR; };
		AE21F1801A2A93C200F8A1DF /* Info.plist */ = {isa = PBXFileReference; lastKnownFileType = text.plist.xml; path = Info.plist; sourceTree = "<group>"; };
		AE21F1811A2A93C200F8A1DF /* PostcardTests.swift */ = {isa = PBXFileReference; lastKnownFileType = sourcecode.swift; path = PostcardTests.swift; sourceTree = "<group>"; };
		AEF569E21A2E60C200A05926 /* SagradaFamilia.jpeg */ = {isa = PBXFileReference; lastKnownFileType = image.jpeg; path = SagradaFamilia.jpeg; sourceTree = "<group>"; };
		AEF569E41A2E65CE00A05926 /* AlbertEinsteinStamp.jpg */ = {isa = PBXFileReference; lastKnownFileType = image.jpeg; path = AlbertEinsteinStamp.jpg; sourceTree = "<group>"; };
/* End PBXFileReference section */

/* Begin PBXFrameworksBuildPhase section */
		AE21F1631A2A93C200F8A1DF /* Frameworks */ = {
			isa = PBXFrameworksBuildPhase;
			buildActionMask = 2147483647;
			files = (
			);
			runOnlyForDeploymentPostprocessing = 0;
		};
		AE21F1781A2A93C200F8A1DF /* Frameworks */ = {
			isa = PBXFrameworksBuildPhase;
			buildActionMask = 2147483647;
			files = (
			);
			runOnlyForDeploymentPostprocessing = 0;
		};
/* End PBXFrameworksBuildPhase section */

/* Begin PBXGroup section */
		AE21F15D1A2A93C200F8A1DF = {
			isa = PBXGroup;
			children = (
				AE21F1681A2A93C200F8A1DF /* Postcard */,
				AE21F17E1A2A93C200F8A1DF /* PostcardTests */,
				AE21F1671A2A93C200F8A1DF /* Products */,
			);
			sourceTree = "<group>";
		};
		AE21F1671A2A93C200F8A1DF /* Products */ = {
			isa = PBXGroup;
			children = (
				AE21F1661A2A93C200F8A1DF /* Postcard.app */,
				AE21F17B1A2A93C200F8A1DF /* PostcardTests.xctest */,
			);
			name = Products;
			sourceTree = "<group>";
		};
		AE21F1681A2A93C200F8A1DF /* Postcard */ = {
			isa = PBXGroup;
			children = (
				AE21F16B1A2A93C200F8A1DF /* AppDelegate.swift */,
				AE21F16D1A2A93C200F8A1DF /* ViewController.swift */,
				AE21F16F1A2A93C200F8A1DF /* Main.storyboard */,
				AE21F1721A2A93C200F8A1DF /* Images.xcassets */,
				AE21F1741A2A93C200F8A1DF /* LaunchScreen.xib */,
				AE21F1691A2A93C200F8A1DF /* Supporting Files */,
			);
			path = Postcard;
			sourceTree = "<group>";
		};
		AE21F1691A2A93C200F8A1DF /* Supporting Files */ = {
			isa = PBXGroup;
			children = (
				AEF569E41A2E65CE00A05926 /* AlbertEinsteinStamp.jpg */,
				AEF569E21A2E60C200A05926 /* SagradaFamilia.jpeg */,
				AE21F16A1A2A93C200F8A1DF /* Info.plist */,
			);
			name = "Supporting Files";
			sourceTree = "<group>";
		};
		AE21F17E1A2A93C200F8A1DF /* PostcardTests */ = {
			isa = PBXGroup;
			children = (
				AE21F1811A2A93C200F8A1DF /* PostcardTests.swift */,
				AE21F17F1A2A93C200F8A1DF /* Supporting Files */,
			);
			path = PostcardTests;
			sourceTree = "<group>";
		};
		AE21F17F1A2A93C200F8A1DF /* Supporting Files */ = {
			isa = PBXGroup;
			children = (
				AE21F1801A2A93C200F8A1DF /* Info.plist */,
			);
			name = "Supporting Files";
			sourceTree = "<group>";
		};
/* End PBXGroup section */

/* Begin PBXNativeTarget section */
		AE21F1651A2A93C200F8A1DF /* Postcard */ = {
			isa = PBXNativeTarget;
			buildConfigurationList = AE21F1851A2A93C200F8A1DF /* Build configuration list for PBXNativeTarget "Postcard" */;
			buildPhases = (
				AE21F1621A2A93C200F8A1DF /* Sources */,
				AE21F1631A2A93C200F8A1DF /* Frameworks */,
				AE21F1641A2A93C200F8A1DF /* Resources */,
			);
			buildRules = (
			);
			dependencies = (
			);
			name = Postcard;
			productName = Postcard;
			productReference = AE21F1661A2A93C200F8A1DF /* Postcard.app */;
			productType = "com.apple.product-type.application";
		};
		AE21F17A1A2A93C200F8A1DF /* PostcardTests */ = {
			isa = PBXNativeTarget;
			buildConfigurationList = AE21F1881A2A93C200F8A1DF /* Build configuration list for PBXNativeTarget "PostcardTests" */;
			buildPhases = (
				AE21F1771A2A93C200F8A1DF /* Sources */,
				AE21F1781A2A93C200F8A1DF /* Frameworks */,
				AE21F1791A2A93C200F8A1DF /* Resources */,
			);
			buildRules = (
			);
			dependencies = (
				AE21F17D1A2A93C200F8A1DF /* PBXTargetDependency */,
			);
			name = PostcardTests;
			productName = PostcardTests;
			productReference = AE21F17B1A2A93C200F8A1DF /* PostcardTests.xctest */;
			productType = "com.apple.product-type.bundle.unit-test";
		};
/* End PBXNativeTarget section */

/* Begin PBXProject section */
		AE21F15E1A2A93C200F8A1DF /* Project object */ = {
			isa = PBXProject;
			attributes = {
				LastUpgradeCheck = 0610;
				ORGANIZATIONNAME = "Greg Hall";
				TargetAttributes = {
					AE21F1651A2A93C200F8A1DF = {
						CreatedOnToolsVersion = 6.1;
					};
					AE21F17A1A2A93C200F8A1DF = {
						CreatedOnToolsVersion = 6.1;
						TestTargetID = AE21F1651A2A93C200F8A1DF;
					};
				};
			};
			buildConfigurationList = AE21F1611A2A93C200F8A1DF /* Build configuration list for PBXProject "Postcard" */;
			compatibilityVersion = "Xcode 3.2";
			developmentRegion = English;
			hasScannedForEncodings = 0;
			knownRegions = (
				en,
				Base,
			);
			mainGroup = AE21F15D1A2A93C200F8A1DF;
			productRefGroup = AE21F1671A2A93C200F8A1DF /* Products */;
			projectDirPath = "";
			projectRoot = "";
			targets = (
				AE21F1651A2A93C200F8A1DF /* Postcard */,
				AE21F17A1A2A93C200F8A1DF /* PostcardTests */,
			);
		};
/* End PBXProject section */

/* Begin PBXResourcesBuildPhase section */
		AE21F1641A2A93C200F8A1DF /* Resources */ = {
			isa = PBXResourcesBuildPhase;
			buildActionMask = 2147483647;
			files = (
				AE21F1711A2A93C200F8A1DF /* Main.storyboard in Resources */,
				AEF569E31A2E60C200A05926 /* SagradaFamilia.jpeg in Resources */,
				AEF569E51A2E65CE00A05926 /* AlbertEinsteinStamp.jpg in Resources */,
				AE21F1761A2A93C200F8A1DF /* LaunchScreen.xib in Resources */,
				AE21F1731A2A93C200F8A1DF /* Images.xcassets in Resources */,
			);
			runOnlyForDeploymentPostprocessing = 0;
		};
		AE21F1791A2A93C200F8A1DF /* Resources */ = {
			isa = PBXResourcesBuildPhase;
			buildActionMask = 2147483647;
			files = (
			);
			runOnlyForDeploymentPostprocessing = 0;
		};
/* End PBXResourcesBuildPhase section */

/* Begin PBXSourcesBuildPhase section */
		AE21F1621A2A93C200F8A1DF /* Sources */ = {
			isa = PBXSourcesBuildPhase;
			buildActionMask = 2147483647;
			files = (
				AE21F16E1A2A93C200F8A1DF /* ViewController.swift in Sources */,
				AE21F16C1A2A93C200F8A1DF /* AppDelegate.swift in Sources */,
			);
			runOnlyForDeploymentPostprocessing = 0;
		};
		AE21F1771A2A93C200F8A1DF /* Sources */ = {
			isa = PBXSourcesBuildPhase;
			buildActionMask = 2147483647;
			files = (
				AE21F1821A2A93C200F8A1DF /* PostcardTests.swift in Sources */,
			);
			runOnlyForDeploymentPostprocessing = 0;
		};
/* End PBXSourcesBuildPhase section */

/* Begin PBXTargetDependency section */
		AE21F17D1A2A93C200F8A1DF /* PBXTargetDependency */ = {
			isa = PBXTargetDependency;
			target = AE21F1651A2A93C200F8A1DF /* Postcard */;
			targetProxy = AE21F17C1A2A93C200F8A1DF /* PBXContainerItemProxy */;
		};
/* End PBXTargetDependency section */

/* Begin PBXVariantGroup section */
		AE21F16F1A2A93C200F8A1DF /* Main.storyboard */ = {
			isa = PBXVariantGroup;
			children = (
				AE21F1701A2A93C200F8A1DF /* Base */,
			);
			name = Main.storyboard;
			sourceTree = "<group>";
		};
		AE21F1741A2A93C200F8A1DF /* LaunchScreen.xib */ = {
			isa = PBXVariantGroup;
			children = (
				AE21F1751A2A93C200F8A1DF /* Base */,
			);
			name = LaunchScreen.xib;
			sourceTree = "<group>";
		};
/* End PBXVariantGroup section */

/* Begin XCBuildConfiguration section */
		AE21F1831A2A93C200F8A1DF /* Debug */ = {
			isa = XCBuildConfiguration;
			buildSettings = {
				ALWAYS_SEARCH_USER_PATHS = NO;
				CLANG_CXX_LANGUAGE_STANDARD = "gnu++0x";
				CLANG_CXX_LIBRARY = "libc++";
				CLANG_ENABLE_MODULES = YES;
				CLANG_ENABLE_OBJC_ARC = YES;
				CLANG_WARN_BOOL_CONVERSION = YES;
				CLANG_WARN_CONSTANT_CONVERSION = YES;
				CLANG_WARN_DIRECT_OBJC_ISA_USAGE = YES_ERROR;
				CLANG_WARN_EMPTY_BODY = YES;
				CLANG_WARN_ENUM_CONVERSION = YES;
				CLANG_WARN_INT_CONVERSION = YES;
				CLANG_WARN_OBJC_ROOT_CLASS = YES_ERROR;
				CLANG_WARN_UNREACHABLE_CODE = YES;
				CLANG_WARN__DUPLICATE_METHOD_MATCH = YES;
				"CODE_SIGN_IDENTITY[sdk=iphoneos*]" = "iPhone Developer";
				COPY_PHASE_STRIP = NO;
				ENABLE_STRICT_OBJC_MSGSEND = YES;
				GCC_C_LANGUAGE_STANDARD = gnu99;
				GCC_DYNAMIC_NO_PIC = NO;
				GCC_OPTIMIZATION_LEVEL = 0;
				GCC_PREPROCESSOR_DEFINITIONS = (
					"DEBUG=1",
					"$(inherited)",
				);
				GCC_SYMBOLS_PRIVATE_EXTERN = NO;
				GCC_WARN_64_TO_32_BIT_CONVERSION = YES;
				GCC_WARN_ABOUT_RETURN_TYPE = YES_ERROR;
				GCC_WARN_UNDECLARED_SELECTOR = YES;
				GCC_WARN_UNINITIALIZED_AUTOS = YES_AGGRESSIVE;
				GCC_WARN_UNUSED_FUNCTION = YES;
				GCC_WARN_UNUSED_VARIABLE = YES;
				IPHONEOS_DEPLOYMENT_TARGET = 8.1;
				MTL_ENABLE_DEBUG_INFO = YES;
				ONLY_ACTIVE_ARCH = YES;
				SDKROOT = iphoneos;
				SWIFT_OPTIMIZATION_LEVEL = "-Onone";
				TARGETED_DEVICE_FAMILY = "1,2";
			};
			name = Debug;
		};
		AE21F1841A2A93C200F8A1DF /* Release */ = {
			isa = XCBuildConfiguration;
			buildSettings = {
				ALWAYS_SEARCH_USER_PATHS = NO;
				CLANG_CXX_LANGUAGE_STANDARD = "gnu++0x";
				CLANG_CXX_LIBRARY = "libc++";
				CLANG_ENABLE_MODULES = YES;
				CLANG_ENABLE_OBJC_ARC = YES;
				CLANG_WARN_BOOL_CONVERSION = YES;
				CLANG_WARN_CONSTANT_CONVERSION = YES;
				CLANG_WARN_DIRECT_OBJC_ISA_USAGE = YES_ERROR;
				CLANG_WARN_EMPTY_BODY = YES;
				CLANG_WARN_ENUM_CONVERSION = YES;
				CLANG_WARN_INT_CONVERSION = YES;
				CLANG_WARN_OBJC_ROOT_CLASS = YES_ERROR;
				CLANG_WARN_UNREACHABLE_CODE = YES;
				CLANG_WARN__DUPLICATE_METHOD_MATCH = YES;
				"CODE_SIGN_IDENTITY[sdk=iphoneos*]" = "iPhone Developer";
				COPY_PHASE_STRIP = YES;
				ENABLE_NS_ASSERTIONS = NO;
				ENABLE_STRICT_OBJC_MSGSEND = YES;
				GCC_C_LANGUAGE_STANDARD = gnu99;
				GCC_WARN_64_TO_32_BIT_CONVERSION = YES;
				GCC_WARN_ABOUT_RETURN_TYPE = YES_ERROR;
				GCC_WARN_UNDECLARED_SELECTOR = YES;
				GCC_WARN_UNINITIALIZED_AUTOS = YES_AGGRESSIVE;
				GCC_WARN_UNUSED_FUNCTION = YES;
				GCC_WARN_UNUSED_VARIABLE = YES;
				IPHONEOS_DEPLOYMENT_TARGET = 8.1;
				MTL_ENABLE_DEBUG_INFO = NO;
				SDKROOT = iphoneos;
				TARGETED_DEVICE_FAMILY = "1,2";
				VALIDATE_PRODUCT = YES;
			};
			name = Release;
		};
		AE21F1861A2A93C200F8A1DF /* Debug */ = {
			isa = XCBuildConfiguration;
			buildSettings = {
				ASSETCATALOG_COMPILER_APPICON_NAME = AppIcon;
				INFOPLIST_FILE = Postcard/Info.plist;
				LD_RUNPATH_SEARCH_PATHS = "$(inherited) @executable_path/Frameworks";
				PRODUCT_NAME = "$(TARGET_NAME)";
			};
			name = Debug;
		};
		AE21F1871A2A93C200F8A1DF /* Release */ = {
			isa = XCBuildConfiguration;
			buildSettings = {
				ASSETCATALOG_COMPILER_APPICON_NAME = AppIcon;
				INFOPLIST_FILE = Postcard/Info.plist;
				LD_RUNPATH_SEARCH_PATHS = "$(inherited) @executable_path/Frameworks";
				PRODUCT_NAME = "$(TARGET_NAME)";
			};
			name = Release;
		};
		AE21F1891A2A93C200F8A1DF /* Debug */ = {
			isa = XCBuildConfiguration;
			buildSettings = {
				BUNDLE_LOADER = "$(TEST_HOST)";
				FRAMEWORK_SEARCH_PATHS = (
					"$(SDKROOT)/Developer/Library/Frameworks",
					"$(inherited)",
				);
				GCC_PREPROCESSOR_DEFINITIONS = (
					"DEBUG=1",
					"$(inherited)",
				);
				INFOPLIST_FILE = PostcardTests/Info.plist;
				LD_RUNPATH_SEARCH_PATHS = "$(inherited) @executable_path/Frameworks @loader_path/Frameworks";
				PRODUCT_NAME = "$(TARGET_NAME)";
				TEST_HOST = "$(BUILT_PRODUCTS_DIR)/Postcard.app/Postcard";
			};
			name = Debug;
		};
		AE21F18A1A2A93C200F8A1DF /* Release */ = {
			isa = XCBuildConfiguration;
			buildSettings = {
				BUNDLE_LOADER = "$(TEST_HOST)";
				FRAMEWORK_SEARCH_PATHS = (
					"$(SDKROOT)/Developer/Library/Frameworks",
					"$(inherited)",
				);
				INFOPLIST_FILE = PostcardTests/Info.plist;
				LD_RUNPATH_SEARCH_PATHS = "$(inherited) @executable_path/Frameworks @loader_path/Frameworks";
				PRODUCT_NAME = "$(TARGET_NAME)";
				TEST_HOST = "$(BUILT_PRODUCTS_DIR)/Postcard.app/Postcard";
			};
			name = Release;
		};
/* End XCBuildConfiguration section */

/* Begin XCConfigurationList section */
		AE21F1611A2A93C200F8A1DF /* Build configuration list for PBXProject "Postcard" */ = {
			isa = XCConfigurationList;
			buildConfigurations = (
				AE21F1831A2A93C200F8A1DF /* Debug */,
				AE21F1841A2A93C200F8A1DF /* Release */,
			);
			defaultConfigurationIsVisible = 0;
			defaultConfigurationName = Release;
		};
		AE21F1851A2A93C200F8A1DF /* Build configuration list for PBXNativeTarget "Postcard" */ = {
			isa = XCConfigurationList;
			buildConfigurations = (
				AE21F1861A2A93C200F8A1DF /* Debug */,
				AE21F1871A2A93C200F8A1DF /* Release */,
			);
			defaultConfigurationIsVisible = 0;
			defaultConfigurationName = Release;
		};
		AE21F1881A2A93C200F8A1DF /* Build configuration list for PBXNativeTarget "PostcardTests" */ = {
			isa = XCConfigurationList;
			buildConfigurations = (
				AE21F1891A2A93C200F8A1DF /* Debug */,
				AE21F18A1A2A93C200F8A1DF /* Release */,
			);
			defaultConfigurationIsVisible = 0;
			defaultConfigurationName = Release;
		};
/* End XCConfigurationList section */
	};
	rootObject = AE21F15E1A2A93C200F8A1DF /* Project object */;
}
